annotated-doc==0.0.5
    # via fastapi
annotated-types==0.8.0
    # via pydantic
anthropic==1.8.0
    # via -r requirements.txt
anyio==4.14.2
    # via
    #   anthropic
    #   httpx
    #   httpx2
    #   openai
    #   starlette
    #   watchfiles
asgiref==3.12.1
    # via opentelemetry-instrumentation-asgi
async-timeout==5.0.1
    # via redis
backports-tarfile==1.2.0
    # via jaraco-context
certifi==2026.7.22
    # via
    #   httpcore
    #   httpx
cffi==2.1.1
    # via cryptography
click==8.4.2
    # via
    #   rq
    #   uvicorn
croniter==6.2.4
    # via rq
cryptography==50.0.0
    # via pyjwt
deprecated==1.3.1
    # via limits
docstring-parser==0.18.0
    # via anthropic
fastapi==0.141.1
    # via -r requirements.txt
googleapis-common-protos==1.75.3
    # via opentelemetry-exporter-otlp-proto-grpc
grpcio==1.84.0
    # via opentelemetry-exporter-otlp-proto-grpc
h11==0.16.0
    # via
    #   httpcore
    #   httpcore2
    #   uvicorn
httpcore==1.0.9
    # via httpx
httpcore2==2.12.0
    # via httpx2
httptools==0.8.0
    # via uvicorn
httpx==0.28.1
    # via -r requirements.txt
httpx2==2.12.0
    # via
    #   anthropic
    #   openai
idna==3.19
    # via
    #   anyio
    #   httpx
    #   httpx2
jaraco-context==6.1.2
    # via -r requirements.txt
jiter==0.16.0
    # via
    #   anthropic
    #   openai
limits==5.8.0
    # via slowapi
openai==3.18.0
    # via -r requirements.txt
opentelemetry-api==1.44.0
    # via
    #   -r requirements.txt
    #   opentelemetry-exporter-otlp-proto-grpc
    #   opentelemetry-instrumentation
    #   opentelemetry-instrumentation-asgi
    #   opentelemetry-instrumentation-fastapi
    #   opentelemetry-sdk
    #   opentelemetry-semantic-conventions
opentelemetry-exporter-otlp-proto-common==1.44.0
    # via opentelemetry-exporter-otlp-proto-grpc
opentelemetry-exporter-otlp-proto-grpc==1.44.0
    # via -r requirements.txt
opentelemetry-instrumentation==0.65b0
    # via
    #   opentelemetry-instrumentation-asgi
    #   opentelemetry-instrumentation-fastapi
opentelemetry-instrumentation-asgi==0.65b0
    # via opentelemetry-instrumentation-fastapi
opentelemetry-instrumentation-fastapi==0.65b0
    # via -r requirements.txt
opentelemetry-proto==1.44.0
    # via
    #   opentelemetry-exporter-otlp-proto-common
    #   opentelemetry-exporter-otlp-proto-grpc
opentelemetry-sdk==1.44.0
    # via
    #   -r requirements.txt
    #   opentelemetry-exporter-otlp-proto-grpc
opentelemetry-semantic-conventions==0.65b0
    # via
    #   opentelemetry-instrumentation
    #   opentelemetry-instrumentation-asgi
    #   opentelemetry-instrumentation-fastapi
    #   opentelemetry-sdk
opentelemetry-util-http==0.65b0
    # via
    #   opentelemetry-instrumentation-asgi
    #   opentelemetry-instrumentation-fastapi
packaging==26.3
    # via
    #   limits
    #   opentelemetry-instrumentation
    #   wheel
prometheus-client==0.26.0
    # via -r requirements.txt
protobuf==7.36.2
    # via
    #   googleapis-common-protos
    #   opentelemetry-proto
pycparser==3.0
    # via cffi
pydantic==2.13.4
    # via
    #   anthropic
    #   fastapi
    #   openai
    #   pydantic-settings
pydantic-core==2.46.4
    # via pydantic
pydantic-settings==2.15.0
    # via -r requirements.txt
pyjwt==2.14.0
    # via -r requirements.txt
python-dateutil==2.9.0.post0
    # via croniter
python-dotenv==1.2.3
    # via
    #   -r requirements.txt
    #   pydantic-settings
    #   uvicorn
pyyaml==6.0.3
    # via uvicorn
redis==8.1.0
    # via
    #   -r requirements.txt
    #   rq
rq==2.12.0
    # via -r requirements.txt
six==1.17.0
    # via python-dateutil
slowapi==0.1.10
    # via -r requirements.txt
sniffio==1.3.1
    # via
    #   anthropic
    #   openai
starlette==1.6.0
    # via fastapi
tenacity==9.1.4
    # via -r requirements.txt
truststore==0.10.4
    # via
    #   httpcore2
    #   httpx2
typing-extensions==4.16.0
    # via
    #   anthropic
    #   anyio
    #   fastapi
    #   grpcio
    #   httpx2
    #   limits
    #   openai
    #   opentelemetry-api
    #   opentelemetry-exporter-otlp-proto-grpc
    #   opentelemetry-sdk
    #   opentelemetry-semantic-conventions
    #   pydantic
    #   pydantic-core
    #   starlette
    #   typing-inspection
typing-inspection==0.4.4
    # via
    #   fastapi
    #   pydantic
    #   pydantic-settings
uvicorn==0.53.0
    # via -r requirements.txt
uvloop==0.22.1
    # via uvicorn
watchfiles==1.2.0
    # via uvicorn
websockets==17.0.1
    # via uvicorn
wheel==0.48.0
    # via -r requirements.txt
wrapt==2.4.1
    # via
    #   deprecated
    #   opentelemetry-instrumentation
